<Solution>
  <Folder Name="/Tests/">
    <Project Path="PaymentCard.UnitTests/PaymentCard.UnitTests.csproj" Id="4102271f-ed54-4bcb-93a5-3c9966853128" />
  </Folder>
  <Project Path="PaymentCard.API/PaymentCard.API.csproj" />
  <Project Path="PaymentCard.Contracts/PaymentCard.Contracts.csproj" />
  <Project Path="PaymentCard.Data/PaymentCard.Data.csproj" />
  <Project Path="PaymentCard.Domain/PaymentCard.Domain.csproj" />
  <Project Path="SharedKernel/SharedKernel.csproj" />
</Solution>
